
Microsoft Visual Studio Solution File, Format Version 12.00
Project("{FAE04EC0-301F-11D3-BF4B-00C04F79EFBC}") = "Domain", "Domain\Domain.csproj", "{91AB8748-39D3-4A35-BED9-DF352D4BD21C}"
EndProject
Project("{FAE04EC0-301F-11D3-BF4B-00C04F79EFBC}") = "WebApi", "WebApi\WebApi.csproj", "{04945593-CE39-4F10-8394-6E38134C8EED}"
EndProject
Global
	GlobalSection(SolutionConfigurationPlatforms) = preSolution
		Debug|Any CPU = Debug|Any CPU
		Release|Any CPU = Release|Any CPU
	EndGlobalSection
	GlobalSection(ProjectConfigurationPlatforms) = postSolution
		{91AB8748-39D3-4A35-BED9-DF352D4BD21C}.Debug|Any CPU.ActiveCfg = Debug|Any CPU
		{91AB8748-39D3-4A35-BED9-DF352D4BD21C}.Debug|Any CPU.Build.0 = Debug|Any CPU
		{91AB8748-39D3-4A35-BED9-DF352D4BD21C}.Release|Any CPU.ActiveCfg = Release|Any CPU
		{91AB8748-39D3-4A35-BED9-DF352D4BD21C}.Release|Any CPU.Build.0 = Release|Any CPU
		{04945593-CE39-4F10-8394-6E38134C8EED}.Debug|Any CPU.ActiveCfg = Debug|Any CPU
		{04945593-CE39-4F10-8394-6E38134C8EED}.Debug|Any CPU.Build.0 = Debug|Any CPU
		{04945593-CE39-4F10-8394-6E38134C8EED}.Release|Any CPU.ActiveCfg = Release|Any CPU
		{04945593-CE39-4F10-8394-6E38134C8EED}.Release|Any CPU.Build.0 = Release|Any CPU
	EndGlobalSection
EndGlobal
